// !$*UTF8*$!
{
	archiveVersion = 1;
	classes = {
	};
	objectVersion = 51;
	objects = {

/* Begin PBXBuildFile section */
		A1D00788807243EE8D7E91B5 /* Pods_Naturapp.framework in Frameworks */ = {isa = PBXBuildFile; fileRef = 63797B599F36993388BA7050 /* Pods_Naturapp.framework */; };
		AC441D18267E9C50001BF8A0 /* InicioViewController.swift in Sources */ = {isa = PBXBuildFile; fileRef = AC441D17267E9C50001BF8A0 /* InicioViewController.swift */; };
		AC441D1C267EB519001BF8A0 /* MyCollectionViewCell.swift in Sources */ = {isa = PBXBuildFile; fileRef = AC441D1A267EB519001BF8A0 /* MyCollectionViewCell.swift */; };
		AC441D1D267EB519001BF8A0 /* MyCollectionViewCell.xib in Resources */ = {isa = PBXBuildFile; fileRef = AC441D1B267EB519001BF8A0 /* MyCollectionViewCell.xib */; };
		AC441D20267EC62A001BF8A0 /* CompartirViewController.swift in Sources */ = {isa = PBXBuildFile; fileRef = AC441D1F267EC62A001BF8A0 /* CompartirViewController.swift */; };
		AC441D23267ECC00001BF8A0 /* Lugar.swift in Sources */ = {isa = PBXBuildFile; fileRef = AC441D22267ECC00001BF8A0 /* Lugar.swift */; };
		AC4FF24B2678545C008851D4 /* AppDelegate.swift in Sources */ = {isa = PBXBuildFile; fileRef = AC4FF24A2678545C008851D4 /* AppDelegate.swift */; };
		AC4FF24D2678545C008851D4 /* SceneDelegate.swift in Sources */ = {isa = PBXBuildFile; fileRef = AC4FF24C2678545C008851D4 /* SceneDelegate.swift */; };
		AC4FF24F2678545C008851D4 /* ViewController.swift in Sources */ = {isa = PBXBuildFile; fileRef = AC4FF24E2678545C008851D4 /* ViewController.swift */; };
		AC4FF2522678545C008851D4 /* Main.storyboard in Resources */ = {isa = PBXBuildFile; fileRef = AC4FF2502678545C008851D4 /* Main.storyboard */; };
		AC4FF2542678545D008851D4 /* Assets.xcassets in Resources */ = {isa = PBXBuildFile; fileRef = AC4FF2532678545D008851D4 /* Assets.xcassets */; };
		AC4FF2572678545D008851D4 /* LaunchScreen.storyboard in Resources */ = {isa = PBXBuildFile; fileRef = AC4FF2552678545D008851D4 /* LaunchScreen.storyboard */; };
		AC4FF26526785FFB008851D4 /* GoogleService-Info.plist in Resources */ = {isa = PBXBuildFile; fileRef = AC4FF26426785FFB008851D4 /* GoogleService-Info.plist */; };
		AC4FF27C267870EE008851D4 /* RegistroViewController.swift in Sources */ = {isa = PBXBuildFile; fileRef = AC4FF27B267870EE008851D4 /* RegistroViewController.swift */; };
		AC63329326830F8E00DA956D /* LugarViewController.swift in Sources */ = {isa = PBXBuildFile; fileRef = AC63329226830F8E00DA956D /* LugarViewController.swift */; };
		AC85404F2689A19A00F1028C /* PerfilViewController.swift in Sources */ = {isa = PBXBuildFile; fileRef = AC85404E2689A19A00F1028C /* PerfilViewController.swift */; };
		AC8D3A7226897A7F00A76CCD /* ClimaManager.swift in Sources */ = {isa = PBXBuildFile; fileRef = AC8D3A7126897A7F00A76CCD /* ClimaManager.swift */; };
		AC8D3A7626897ADE00A76CCD /* ClimaModelo.swift in Sources */ = {isa = PBXBuildFile; fileRef = AC8D3A7526897ADE00A76CCD /* ClimaModelo.swift */; };
		AC8D3A7926897B2D00A76CCD /* ClimaDatos.swift in Sources */ = {isa = PBXBuildFile; fileRef = AC8D3A7826897B2D00A76CCD /* ClimaDatos.swift */; };
		AC9D107B268C36CD0005ABC2 /* Comentario.swift in Sources */ = {isa = PBXBuildFile; fileRef = AC9D107A268C36CD0005ABC2 /* Comentario.swift */; };
		AC9D301F268D5D6F0042F876 /* CategoriasViewController.swift in Sources */ = {isa = PBXBuildFile; fileRef = AC9D301E268D5D6F0042F876 /* CategoriasViewController.swift */; };
		AC9D3022268D5F800042F876 /* FiltradoViewController.swift in Sources */ = {isa = PBXBuildFile; fileRef = AC9D3021268D5F800042F876 /* FiltradoViewController.swift */; };
		ACC4895426856CF200720093 /* OnBoardingViewController.swift in Sources */ = {isa = PBXBuildFile; fileRef = ACC4895326856CF200720093 /* OnBoardingViewController.swift */; };
		ACC4895F2685714200720093 /* OnBoardingSlide.swift in Sources */ = {isa = PBXBuildFile; fileRef = ACC4895E2685714200720093 /* OnBoardingSlide.swift */; };
		ACC489622685736500720093 /* SlideCollectionViewCell.swift in Sources */ = {isa = PBXBuildFile; fileRef = ACC489612685736500720093 /* SlideCollectionViewCell.swift */; };
/* End PBXBuildFile section */

/* Begin PBXFileReference section */
		6067652F2652BAF2D8869789 /* Pods-Naturapp.debug.xcconfig */ = {isa = PBXFileReference; includeInIndex = 1; lastKnownFileType = text.xcconfig; name = "Pods-Naturapp.debug.xcconfig"; path = "Target Support Files/Pods-Naturapp/Pods-Naturapp.debug.xcconfig"; sourceTree = "<group>"; };
		63797B599F36993388BA7050 /* Pods_Naturapp.framework */ = {isa = PBXFileReference; explicitFileType = wrapper.framework; includeInIndex = 0; path = Pods_Naturapp.framework; sourceTree = BUILT_PRODUCTS_DIR; };
		AC441D17267E9C50001BF8A0 /* InicioViewController.swift */ = {isa = PBXFileReference; lastKnownFileType = sourcecode.swift; path = InicioViewController.swift; sourceTree = "<group>"; };
		AC441D1A267EB519001BF8A0 /* MyCollectionViewCell.swift */ = {isa = PBXFileReference; lastKnownFileType = sourcecode.swift; path = MyCollectionViewCell.swift; sourceTree = "<group>"; };
		AC441D1B267EB519001BF8A0 /* MyCollectionViewCell.xib */ = {isa = PBXFileReference; lastKnownFileType = file.xib; path = MyCollectionViewCell.xib; sourceTree = "<group>"; };
		AC441D1F267EC62A001BF8A0 /* CompartirViewController.swift */ = {isa = PBXFileReference; lastKnownFileType = sourcecode.swift; path = CompartirViewController.swift; sourceTree = "<group>"; };
		AC441D22267ECC00001BF8A0 /* Lugar.swift */ = {isa = PBXFileReference; lastKnownFileType = sourcecode.swift; path = Lugar.swift; sourceTree = "<group>"; };
		AC4FF2472678545C008851D4 /* Naturapp.app */ = {isa = PBXFileReference; explicitFileType = wrapper.application; includeInIndex = 0; path = Naturapp.app; sourceTree = BUILT_PRODUCTS_DIR; };
		AC4FF24A2678545C008851D4 /* AppDelegate.swift */ = {isa = PBXFileReference; lastKnownFileType = sourcecode.swift; path = AppDelegate.swift; sourceTree = "<group>"; };
		AC4FF24C2678545C008851D4 /* SceneDelegate.swift */ = {isa = PBXFileReference; lastKnownFileType = sourcecode.swift; path = SceneDelegate.swift; sourceTree = "<group>"; };
		AC4FF24E2678545C008851D4 /* ViewController.swift */ = {isa = PBXFileReference; lastKnownFileType = sourcecode.swift; path = ViewController.swift; sourceTree = "<group>"; };
		AC4FF2512678545C008851D4 /* Base */ = {isa = PBXFileReference; lastKnownFileType = file.storyboard; name = Base; path = Base.lproj/Main.storyboard; sourceTree = "<group>"; };
		AC4FF2532678545D008851D4 /* Assets.xcassets */ = {isa = PBXFileReference; lastKnownFileType = folder.assetcatalog; path = Assets.xcassets; sourceTree = "<group>"; };
		AC4FF2562678545D008851D4 /* Base */ = {isa = PBXFileReference; lastKnownFileType = file.storyboard; name = Base; path = Base.lproj/LaunchScreen.storyboard; sourceTree = "<group>"; };
		AC4FF2582678545D008851D4 /* Info.plist */ = {isa = PBXFileReference; lastKnownFileType = text.plist.xml; path = Info.plist; sourceTree = "<group>"; };
		AC4FF26426785FFB008851D4 /* GoogleService-Info.plist */ = {isa = PBXFileReference; fileEncoding = 4; lastKnownFileType = text.plist.xml; path = "GoogleService-Info.plist"; sourceTree = "<group>"; };
		AC4FF27B267870EE008851D4 /* RegistroViewController.swift */ = {isa = PBXFileReference; lastKnownFileType = sourcecode.swift; path = RegistroViewController.swift; sourceTree = "<group>"; };
		AC63329226830F8E00DA956D /* LugarViewController.swift */ = {isa = PBXFileReference; lastKnownFileType = sourcecode.swift; path = LugarViewController.swift; sourceTree = "<group>"; };
		AC85404E2689A19A00F1028C /* PerfilViewController.swift */ = {isa = PBXFileReference; lastKnownFileType = sourcecode.swift; path = PerfilViewController.swift; sourceTree = "<group>"; };
		AC8D3A7126897A7F00A76CCD /* ClimaManager.swift */ = {isa = PBXFileReference; lastKnownFileType = sourcecode.swift; path = ClimaManager.swift; sourceTree = "<group>"; };
		AC8D3A7526897ADE00A76CCD /* ClimaModelo.swift */ = {isa = PBXFileReference; lastKnownFileType = sourcecode.swift; path = ClimaModelo.swift; sourceTree = "<group>"; };
		AC8D3A7826897B2D00A76CCD /* ClimaDatos.swift */ = {isa = PBXFileReference; lastKnownFileType = sourcecode.swift; path = ClimaDatos.swift; sourceTree = "<group>"; };
		AC9D107A268C36CD0005ABC2 /* Comentario.swift */ = {isa = PBXFileReference; lastKnownFileType = sourcecode.swift; path = Comentario.swift; sourceTree = "<group>"; };
		AC9D301E268D5D6F0042F876 /* CategoriasViewController.swift */ = {isa = PBXFileReference; lastKnownFileType = sourcecode.swift; path = CategoriasViewController.swift; sourceTree = "<group>"; };
		AC9D3021268D5F800042F876 /* FiltradoViewController.swift */ = {isa = PBXFileReference; lastKnownFileType = sourcecode.swift; path = FiltradoViewController.swift; sourceTree = "<group>"; };
		ACC4895326856CF200720093 /* OnBoardingViewController.swift */ = {isa = PBXFileReference; lastKnownFileType = sourcecode.swift; path = OnBoardingViewController.swift; sourceTree = "<group>"; };
		ACC4895E2685714200720093 /* OnBoardingSlide.swift */ = {isa = PBXFileReference; lastKnownFileType = sourcecode.swift; path = OnBoardingSlide.swift; sourceTree = "<group>"; };
		ACC489612685736500720093 /* SlideCollectionViewCell.swift */ = {isa = PBXFileReference; lastKnownFileType = sourcecode.swift; path = SlideCollectionViewCell.swift; sourceTree = "<group>"; };
		C5FCA6B24595E76732C1897B /* Pods-Naturapp.release.xcconfig */ = {isa = PBXFileReference; includeInIndex = 1; lastKnownFileType = text.xcconfig; name = "Pods-Naturapp.release.xcconfig"; path = "Target Support Files/Pods-Naturapp/Pods-Naturapp.release.xcconfig"; sourceTree = "<group>"; };
/* End PBXFileReference section */

/* Begin PBXFrameworksBuildPhase section */
		AC4FF2442678545C008851D4 /* Frameworks */ = {
			isa = PBXFrameworksBuildPhase;
			buildActionMask = 2147483647;
			files = (
				A1D00788807243EE8D7E91B5 /* Pods_Naturapp.framework in Frameworks */,
			);
			runOnlyForDeploymentPostprocessing = 0;
		};
/* End PBXFrameworksBuildPhase section */

/* Begin PBXGroup section */
		08419D6BCD3B31FFAEF6CF7F /* Frameworks */ = {
			isa = PBXGroup;
			children = (
				63797B599F36993388BA7050 /* Pods_Naturapp.framework */,
			);
			name = Frameworks;
			sourceTree = "<group>";
		};
		AC4FF23E2678545C008851D4 = {
			isa = PBXGroup;
			children = (
				AC4FF2492678545C008851D4 /* Naturapp */,
				AC4FF2482678545C008851D4 /* Products */,
				B45F3CF518DE384A15DA5714 /* Pods */,
				08419D6BCD3B31FFAEF6CF7F /* Frameworks */,
			);
			sourceTree = "<group>";
		};
		AC4FF2482678545C008851D4 /* Products */ = {
			isa = PBXGroup;
			children = (
				AC4FF2472678545C008851D4 /* Naturapp.app */,
			);
			name = Products;
			sourceTree = "<group>";
		};
		AC4FF2492678545C008851D4 /* Naturapp */ = {
			isa = PBXGroup;
			children = (
				AC9D1079268C36B50005ABC2 /* Clases */,
				AC8D3A7D2689857500A76CCD /* Onboarding */,
				AC8D3A7B268984F600A76CCD /* Controladores */,
				AC8D3A7026897A5E00A76CCD /*  API */,
				AC4FF26426785FFB008851D4 /* GoogleService-Info.plist */,
				AC4FF24A2678545C008851D4 /* AppDelegate.swift */,
				AC4FF24C2678545C008851D4 /* SceneDelegate.swift */,
				AC4FF2502678545C008851D4 /* Main.storyboard */,
				AC4FF2532678545D008851D4 /* Assets.xcassets */,
				AC4FF2552678545D008851D4 /* LaunchScreen.storyboard */,
				AC4FF2582678545D008851D4 /* Info.plist */,
				AC441D1A267EB519001BF8A0 /* MyCollectionViewCell.swift */,
				AC441D1B267EB519001BF8A0 /* MyCollectionViewCell.xib */,
			);
			path = Naturapp;
			sourceTree = "<group>";
		};
		AC8D3A7026897A5E00A76CCD /*  API */ = {
			isa = PBXGroup;
			children = (
				AC8D3A7126897A7F00A76CCD /* ClimaManager.swift */,
				AC8D3A7526897ADE00A76CCD /* ClimaModelo.swift */,
				AC8D3A7826897B2D00A76CCD /* ClimaDatos.swift */,
			);
			path = " API";
			sourceTree = "<group>";
		};
		AC8D3A7B268984F600A76CCD /* Controladores */ = {
			isa = PBXGroup;
			children = (
				AC63329226830F8E00DA956D /* LugarViewController.swift */,
				AC441D1F267EC62A001BF8A0 /* CompartirViewController.swift */,
				AC441D17267E9C50001BF8A0 /* InicioViewController.swift */,
				AC4FF27B267870EE008851D4 /* RegistroViewController.swift */,
				AC4FF24E2678545C008851D4 /* ViewController.swift */,
				AC85404E2689A19A00F1028C /* PerfilViewController.swift */,
				AC9D301E268D5D6F0042F876 /* CategoriasViewController.swift */,
				AC9D3021268D5F800042F876 /* FiltradoViewController.swift */,
			);
			path = Controladores;
			sourceTree = "<group>";
		};
		AC8D3A7D2689857500A76CCD /* Onboarding */ = {
			isa = PBXGroup;
			children = (
				ACC489612685736500720093 /* SlideCollectionViewCell.swift */,
				ACC4895E2685714200720093 /* OnBoardingSlide.swift */,
				ACC4895326856CF200720093 /* OnBoardingViewController.swift */,
			);
			path = Onboarding;
			sourceTree = "<group>";
		};
		AC9D1079268C36B50005ABC2 /* Clases */ = {
			isa = PBXGroup;
			children = (
				AC441D22267ECC00001BF8A0 /* Lugar.swift */,
				AC9D107A268C36CD0005ABC2 /* Comentario.swift */,
			);
			path = Clases;
			sourceTree = "<group>";
		};
		B45F3CF518DE384A15DA5714 /* Pods */ = {
			isa = PBXGroup;
			children = (
				6067652F2652BAF2D8869789 /* Pods-Naturapp.debug.xcconfig */,
				C5FCA6B24595E76732C1897B /* Pods-Naturapp.release.xcconfig */,
			);
			path = Pods;
			sourceTree = "<group>";
		};
/* End PBXGroup section */

/* Begin PBXNativeTarget section */
		AC4FF2462678545C008851D4 /* Naturapp */ = {
			isa = PBXNativeTarget;
			buildConfigurationList = AC4FF25B2678545D008851D4 /* Build configuration list for PBXNativeTarget "Naturapp" */;
			buildPhases = (
				DA38C7C231D9114D0431EE59 /* [CP] Check Pods Manifest.lock */,
				AC4FF2432678545C008851D4 /* Sources */,
				AC4FF2442678545C008851D4 /* Frameworks */,
				AC4FF2452678545C008851D4 /* Resources */,
				AA8F26ED0CCFE0EA86659916 /* [CP] Embed Pods Frameworks */,
				A554516A461CDF66290C088F /* [CP] Copy Pods Resources */,
			);
			buildRules = (
			);
			dependencies = (
			);
			name = Naturapp;
			productName = Naturapp;
			productReference = AC4FF2472678545C008851D4 /* Naturapp.app */;
			productType = "com.apple.product-type.application";
		};
/* End PBXNativeTarget section */

/* Begin PBXProject section */
		AC4FF23F2678545C008851D4 /* Project object */ = {
			isa = PBXProject;
			attributes = {
				LastSwiftUpdateCheck = 1240;
				LastUpgradeCheck = 1240;
				TargetAttributes = {
					AC4FF2462678545C008851D4 = {
						CreatedOnToolsVersion = 12.4;
					};
				};
			};
			buildConfigurationList = AC4FF2422678545C008851D4 /* Build configuration list for PBXProject "Naturapp" */;
			compatibilityVersion = "Xcode 9.3";
			developmentRegion = en;
			hasScannedForEncodings = 0;
			knownRegions = (
				en,
				Base,
			);
			mainGroup = AC4FF23E2678545C008851D4;
			productRefGroup = AC4FF2482678545C008851D4 /* Products */;
			projectDirPath = "";
			projectRoot = "";
			targets = (
				AC4FF2462678545C008851D4 /* Naturapp */,
			);
		};
/* End PBXProject section */

/* Begin PBXResourcesBuildPhase section */
		AC4FF2452678545C008851D4 /* Resources */ = {
			isa = PBXResourcesBuildPhase;
			buildActionMask = 2147483647;
			files = (
				AC441D1D267EB519001BF8A0 /* MyCollectionViewCell.xib in Resources */,
				AC4FF2572678545D008851D4 /* LaunchScreen.storyboard in Resources */,
				AC4FF26526785FFB008851D4 /* GoogleService-Info.plist in Resources */,
				AC4FF2542678545D008851D4 /* Assets.xcassets in Resources */,
				AC4FF2522678545C008851D4 /* Main.storyboard in Resources */,
			);
			runOnlyForDeploymentPostprocessing = 0;
		};
/* End PBXResourcesBuildPhase section */

/* Begin PBXShellScriptBuildPhase section */
		A554516A461CDF66290C088F /* [CP] Copy Pods Resources */ = {
			isa = PBXShellScriptBuildPhase;
			buildActionMask = 2147483647;
			files = (
			);
			inputFileListPaths = (
				"${PODS_ROOT}/Target Support Files/Pods-Naturapp/Pods-Naturapp-resources-${CONFIGURATION}-input-files.xcfilelist",
			);
			name = "[CP] Copy Pods Resources";
			outputFileListPaths = (
				"${PODS_ROOT}/Target Support Files/Pods-Naturapp/Pods-Naturapp-resources-${CONFIGURATION}-output-files.xcfilelist",
			);
			runOnlyForDeploymentPostprocessing = 0;
			shellPath = /bin/sh;
			shellScript = "\"${PODS_ROOT}/Target Support Files/Pods-Naturapp/Pods-Naturapp-resources.sh\"\n";
			showEnvVarsInLog = 0;
		};
		AA8F26ED0CCFE0EA86659916 /* [CP] Embed Pods Frameworks */ = {
			isa = PBXShellScriptBuildPhase;
			buildActionMask = 2147483647;
			files = (
			);
			inputFileListPaths = (
				"${PODS_ROOT}/Target Support Files/Pods-Naturapp/Pods-Naturapp-frameworks-${CONFIGURATION}-input-files.xcfilelist",
			);
			name = "[CP] Embed Pods Frameworks";
			outputFileListPaths = (
				"${PODS_ROOT}/Target Support Files/Pods-Naturapp/Pods-Naturapp-frameworks-${CONFIGURATION}-output-files.xcfilelist",
			);
			runOnlyForDeploymentPostprocessing = 0;
			shellPath = /bin/sh;
			shellScript = "\"${PODS_ROOT}/Target Support Files/Pods-Naturapp/Pods-Naturapp-frameworks.sh\"\n";
			showEnvVarsInLog = 0;
		};
		DA38C7C231D9114D0431EE59 /* [CP] Check Pods Manifest.lock */ = {
			isa = PBXShellScriptBuildPhase;
			buildActionMask = 2147483647;
			files = (
			);
			inputFileListPaths = (
			);
			inputPaths = (
				"${PODS_PODFILE_DIR_PATH}/Podfile.lock",
				"${PODS_ROOT}/Manifest.lock",
			);
			name = "[CP] Check Pods Manifest.lock";
			outputFileListPaths = (
			);
			outputPaths = (
				"$(DERIVED_FILE_DIR)/Pods-Naturapp-checkManifestLockResult.txt",
			);
			runOnlyForDeploymentPostprocessing = 0;
			shellPath = /bin/sh;
			shellScript = "diff \"${PODS_PODFILE_DIR_PATH}/Podfile.lock\" \"${PODS_ROOT}/Manifest.lock\" > /dev/null\nif [ $? != 0 ] ; then\n    # print error to STDERR\n    echo \"error: The sandbox is not in sync with the Podfile.lock. Run 'pod install' or update your CocoaPods installation.\" >&2\n    exit 1\nfi\n# This output is used by Xcode 'outputs' to avoid re-running this script phase.\necho \"SUCCESS\" > \"${SCRIPT_OUTPUT_FILE_0}\"\n";
			showEnvVarsInLog = 0;
		};
/* End PBXShellScriptBuildPhase section */

/* Begin PBXSourcesBuildPhase section */
		AC4FF2432678545C008851D4 /* Sources */ = {
			isa = PBXSourcesBuildPhase;
			buildActionMask = 2147483647;
			files = (
				AC8D3A7226897A7F00A76CCD /* ClimaManager.swift in Sources */,
				AC441D20267EC62A001BF8A0 /* CompartirViewController.swift in Sources */,
				AC9D3022268D5F800042F876 /* FiltradoViewController.swift in Sources */,
				AC9D301F268D5D6F0042F876 /* CategoriasViewController.swift in Sources */,
				AC441D23267ECC00001BF8A0 /* Lugar.swift in Sources */,
				AC8D3A7926897B2D00A76CCD /* ClimaDatos.swift in Sources */,
				AC4FF24F2678545C008851D4 /* ViewController.swift in Sources */,
				AC4FF27C267870EE008851D4 /* RegistroViewController.swift in Sources */,
				AC9D107B268C36CD0005ABC2 /* Comentario.swift in Sources */,
				AC85404F2689A19A00F1028C /* PerfilViewController.swift in Sources */,
				ACC489622685736500720093 /* SlideCollectionViewCell.swift in Sources */,
				ACC4895F2685714200720093 /* OnBoardingSlide.swift in Sources */,
				AC441D1C267EB519001BF8A0 /* MyCollectionViewCell.swift in Sources */,
				AC4FF24B2678545C008851D4 /* AppDelegate.swift in Sources */,
				AC441D18267E9C50001BF8A0 /* InicioViewController.swift in Sources */,
				AC63329326830F8E00DA956D /* LugarViewController.swift in Sources */,
				AC4FF24D2678545C008851D4 /* SceneDelegate.swift in Sources */,
				AC8D3A7626897ADE00A76CCD /* ClimaModelo.swift in Sources */,
				ACC4895426856CF200720093 /* OnBoardingViewController.swift in Sources */,
			);
			runOnlyForDeploymentPostprocessing = 0;
		};
/* End PBXSourcesBuildPhase section */

/* Begin PBXVariantGroup section */
		AC4FF2502678545C008851D4 /* Main.storyboard */ = {
			isa = PBXVariantGroup;
			children = (
				AC4FF2512678545C008851D4 /* Base */,
			);
			name = Main.storyboard;
			sourceTree = "<group>";
		};
		AC4FF2552678545D008851D4 /* LaunchScreen.storyboard */ = {
			isa = PBXVariantGroup;
			children = (
				AC4FF2562678545D008851D4 /* Base */,
			);
			name = LaunchScreen.storyboard;
			sourceTree = "<group>";
		};
/* End PBXVariantGroup section */

/* Begin XCBuildConfiguration section */
		AC4FF2592678545D008851D4 /* Debug */ = {
			isa = XCBuildConfiguration;
			buildSettings = {
				ALWAYS_SEARCH_USER_PATHS = NO;
				CLANG_ANALYZER_NONNULL = YES;
				CLANG_ANALYZER_NUMBER_OBJECT_CONVERSION = YES_AGGRESSIVE;
				CLANG_CXX_LANGUAGE_STANDARD = "gnu++14";
				CLANG_CXX_LIBRARY = "libc++";
				CLANG_ENABLE_MODULES = YES;
				CLANG_ENABLE_OBJC_ARC = YES;
				CLANG_ENABLE_OBJC_WEAK = YES;
				CLANG_WARN_BLOCK_CAPTURE_AUTORELEASING = YES;
				CLANG_WARN_BOOL_CONVERSION = YES;
				CLANG_WARN_COMMA = YES;
				CLANG_WARN_CONSTANT_CONVERSION = YES;
				CLANG_WARN_DEPRECATED_OBJC_IMPLEMENTATIONS = YES;
				CLANG_WARN_DIRECT_OBJC_ISA_USAGE = YES_ERROR;
				CLANG_WARN_DOCUMENTATION_COMMENTS = YES;
				CLANG_WARN_EMPTY_BODY = YES;
				CLANG_WARN_ENUM_CONVERSION = YES;
				CLANG_WARN_INFINITE_RECURSION = YES;
				CLANG_WARN_INT_CONVERSION = YES;
				CLANG_WARN_NON_LITERAL_NULL_CONVERSION = YES;
				CLANG_WARN_OBJC_IMPLICIT_RETAIN_SELF = YES;
				CLANG_WARN_OBJC_LITERAL_CONVERSION = YES;
				CLANG_WARN_OBJC_ROOT_CLASS = YES_ERROR;
				CLANG_WARN_QUOTED_INCLUDE_IN_FRAMEWORK_HEADER = YES;
				CLANG_WARN_RANGE_LOOP_ANALYSIS = YES;
				CLANG_WARN_STRICT_PROTOTYPES = YES;
				CLANG_WARN_SUSPICIOUS_MOVE = YES;
				CLANG_WARN_UNGUARDED_AVAILABILITY = YES_AGGRESSIVE;
				CLANG_WARN_UNREACHABLE_CODE = YES;
				CLANG_WARN__DUPLICATE_METHOD_MATCH = YES;
				COPY_PHASE_STRIP = NO;
				DEBUG_INFORMATION_FORMAT = dwarf;
				ENABLE_STRICT_OBJC_MSGSEND = YES;
				ENABLE_TESTABILITY = YES;
				GCC_C_LANGUAGE_STANDARD = gnu11;
				GCC_DYNAMIC_NO_PIC = NO;
				GCC_NO_COMMON_BLOCKS = YES;
				GCC_OPTIMIZATION_LEVEL = 0;
				GCC_PREPROCESSOR_DEFINITIONS = (
					"DEBUG=1",
					"$(inherited)",
				);
				GCC_WARN_64_TO_32_BIT_CONVERSION = YES;
				GCC_WARN_ABOUT_RETURN_TYPE = YES_ERROR;
				GCC_WARN_UNDECLARED_SELECTOR = YES;
				GCC_WARN_UNINITIALIZED_AUTOS = YES_AGGRESSIVE;
				GCC_WARN_UNUSED_FUNCTION = YES;
				GCC_WARN_UNUSED_VARIABLE = YES;
				IPHONEOS_DEPLOYMENT_TARGET = 14.4;
				MTL_ENABLE_DEBUG_INFO = INCLUDE_SOURCE;
				MTL_FAST_MATH = YES;
				ONLY_ACTIVE_ARCH = YES;
				SDKROOT = iphoneos;
				SWIFT_ACTIVE_COMPILATION_CONDITIONS = DEBUG;
				SWIFT_OPTIMIZATION_LEVEL = "-Onone";
			};
			name = Debug;
		};
		AC4FF25A2678545D008851D4 /* Release */ = {
			isa = XCBuildConfiguration;
			buildSettings = {
				ALWAYS_SEARCH_USER_PATHS = NO;
				CLANG_ANALYZER_NONNULL = YES;
				CLANG_ANALYZER_NUMBER_OBJECT_CONVERSION = YES_AGGRESSIVE;
				CLANG_CXX_LANGUAGE_STANDARD = "gnu++14";
				CLANG_CXX_LIBRARY = "libc++";
				CLANG_ENABLE_MODULES = YES;
				CLANG_ENABLE_OBJC_ARC = YES;
				CLANG_ENABLE_OBJC_WEAK = YES;
				CLANG_WARN_BLOCK_CAPTURE_AUTORELEASING = YES;
				CLANG_WARN_BOOL_CONVERSION = YES;
				CLANG_WARN_COMMA = YES;
				CLANG_WARN_CONSTANT_CONVERSION = YES;
				CLANG_WARN_DEPRECATED_OBJC_IMPLEMENTATIONS = YES;
				CLANG_WARN_DIRECT_OBJC_ISA_USAGE = YES_ERROR;
				CLANG_WARN_DOCUMENTATION_COMMENTS = YES;
				CLANG_WARN_EMPTY_BODY = YES;
				CLANG_WARN_ENUM_CONVERSION = YES;
				CLANG_WARN_INFINITE_RECURSION = YES;
				CLANG_WARN_INT_CONVERSION = YES;
				CLANG_WARN_NON_LITERAL_NULL_CONVERSION = YES;
				CLANG_WARN_OBJC_IMPLICIT_RETAIN_SELF = YES;
				CLANG_WARN_OBJC_LITERAL_CONVERSION = YES;
				CLANG_WARN_OBJC_ROOT_CLASS = YES_ERROR;
				CLANG_WARN_QUOTED_INCLUDE_IN_FRAMEWORK_HEADER = YES;
				CLANG_WARN_RANGE_LOOP_ANALYSIS = YES;
				CLANG_WARN_STRICT_PROTOTYPES = YES;
				CLANG_WARN_SUSPICIOUS_MOVE = YES;
				CLANG_WARN_UNGUARDED_AVAILABILITY = YES_AGGRESSIVE;
				CLANG_WARN_UNREACHABLE_CODE = YES;
				CLANG_WARN__DUPLICATE_METHOD_MATCH = YES;
				COPY_PHASE_STRIP = NO;
				DEBUG_INFORMATION_FORMAT = "dwarf-with-dsym";
				ENABLE_NS_ASSERTIONS = NO;
				ENABLE_STRICT_OBJC_MSGSEND = YES;
				GCC_C_LANGUAGE_STANDARD = gnu11;
				GCC_NO_COMMON_BLOCKS = YES;
				GCC_WARN_64_TO_32_BIT_CONVERSION = YES;
				GCC_WARN_ABOUT_RETURN_TYPE = YES_ERROR;
				GCC_WARN_UNDECLARED_SELECTOR = YES;
				GCC_WARN_UNINITIALIZED_AUTOS = YES_AGGRESSIVE;
				GCC_WARN_UNUSED_FUNCTION = YES;
				GCC_WARN_UNUSED_VARIABLE = YES;
				IPHONEOS_DEPLOYMENT_TARGET = 14.4;
				MTL_ENABLE_DEBUG_INFO = NO;
				MTL_FAST_MATH = YES;
				SDKROOT = iphoneos;
				SWIFT_COMPILATION_MODE = wholemodule;
				SWIFT_OPTIMIZATION_LEVEL = "-O";
				VALIDATE_PRODUCT = YES;
			};
			name = Release;
		};
		AC4FF25C2678545D008851D4 /* Debug */ = {
			isa = XCBuildConfiguration;
			baseConfigurationReference = 6067652F2652BAF2D8869789 /* Pods-Naturapp.debug.xcconfig */;
			buildSettings = {
				ASSETCATALOG_COMPILER_APPICON_NAME = AppIcon;
				ASSETCATALOG_COMPILER_GLOBAL_ACCENT_COLOR_NAME = AccentColor;
				CODE_SIGN_STYLE = Automatic;
				DEVELOPMENT_TEAM = PNPAL8AJPL;
				INFOPLIST_FILE = Naturapp/Info.plist;
				LD_RUNPATH_SEARCH_PATHS = (
					"$(inherited)",
					"@executable_path/Frameworks",
				);
				PRODUCT_BUNDLE_IDENTIFIER = com.itmorelia.bran.Naturapp;
				PRODUCT_NAME = "$(TARGET_NAME)";
				SWIFT_VERSION = 5.0;
				TARGETED_DEVICE_FAMILY = "1,2";
			};
			name = Debug;
		};
		AC4FF25D2678545D008851D4 /* Release */ = {
			isa = XCBuildConfiguration;
			baseConfigurationReference = C5FCA6B24595E76732C1897B /* Pods-Naturapp.release.xcconfig */;
			buildSettings = {
				ASSETCATALOG_COMPILER_APPICON_NAME = AppIcon;
				ASSETCATALOG_COMPILER_GLOBAL_ACCENT_COLOR_NAME = AccentColor;
				CODE_SIGN_STYLE = Automatic;
				DEVELOPMENT_TEAM = PNPAL8AJPL;
				INFOPLIST_FILE = Naturapp/Info.plist;
				LD_RUNPATH_SEARCH_PATHS = (
					"$(inherited)",
					"@executable_path/Frameworks",
				);
				PRODUCT_BUNDLE_IDENTIFIER = com.itmorelia.bran.Naturapp;
				PRODUCT_NAME = "$(TARGET_NAME)";
				SWIFT_VERSION = 5.0;
				TARGETED_DEVICE_FAMILY = "1,2";
			};
			name = Release;
		};
/* End XCBuildConfiguration section */

/* Begin XCConfigurationList section */
		AC4FF2422678545C008851D4 /* Build configuration list for PBXProject "Naturapp" */ = {
			isa = XCConfigurationList;
			buildConfigurations = (
				AC4FF2592678545D008851D4 /* Debug */,
				AC4FF25A2678545D008851D4 /* Release */,
			);
			defaultConfigurationIsVisible = 0;
			defaultConfigurationName = Release;
		};
		AC4FF25B2678545D008851D4 /* Build configuration list for PBXNativeTarget "Naturapp" */ = {
			isa = XCConfigurationList;
			buildConfigurations = (
				AC4FF25C2678545D008851D4 /* Debug */,
				AC4FF25D2678545D008851D4 /* Release */,
			);
			defaultConfigurationIsVisible = 0;
			defaultConfigurationName = Release;
		};
/* End XCConfigurationList section */
	};
	rootObject = AC4FF23F2678545C008851D4 /* Project object */;
}
